[[package]]
name = "asgiref"
version = "3.6.0"
description = "ASGI specs, helper code, and adapters"
category = "main"
optional = false
python-versions = ">=3.7"

[package.extras]
tests = ["mypy (>=0.800)", "pytest", "pytest-asyncio"]

[[package]]
name = "beautifulsoup4"
version = "4.12.2"
description = "Screen-scraping library"
category = "main"
optional = false
python-versions = ">=3.6.0"

[package.dependencies]
soupsieve = ">1.2"

[package.extras]
html5lib = ["html5lib"]
lxml = ["lxml"]

[[package]]
name = "dj-database-url"
version = "2.0.0"
description = "Use Database URLs in your Django Application."
category = "main"
optional = false
python-versions = "*"

[package.dependencies]
Django = ">=3.2"
typing-extensions = ">=3.10.0.0"

[[package]]
name = "django"
version = "4.2.1"
description = "A high-level Python web framework that encourages rapid development and clean, pragmatic design."
category = "main"
optional = false
python-versions = ">=3.8"

[package.dependencies]
asgiref = ">=3.6.0,<4"
sqlparse = ">=0.3.1"
tzdata = {version = "*", markers = "sys_platform == \"win32\""}

[package.extras]
argon2 = ["argon2-cffi (>=19.1.0)"]
bcrypt = ["bcrypt"]

[[package]]
name = "django-canonical-domain"
version = "0.9.2"
description = "Canonical domain redirection for Django"
category = "main"
optional = false
python-versions = ">=3.8"

[package.dependencies]
Django = ">=3.2"

[package.extras]
tests = ["coverage"]

[[package]]
name = "django-filter"
version = "23.2"
description = "Django-filter is a reusable Django application for allowing users to filter querysets dynamically."
category = "main"
optional = false
python-versions = ">=3.7"

[package.dependencies]
Django = ">=3.2"

[[package]]
name = "django-lazysignup"
version = "2.0.0"
description = "Lazy signup for Django"
category = "main"
optional = false
python-versions = "*"
develop = false

[package.dependencies]
Django = ">=2.1.2"
setuptools = "*"
six = ">=1.9"

[package.extras]
all = ["Django (>=2.1.2)", "Sphinx (>=1.2.2)", "coverage (>=3.7.1)", "flake8 (>=2.2.0)", "mock (>=1.0.1)", "mysqlclient (>=1.3.3)", "psycopg2 (>=2.6)", "setuptools", "six (>=1.9)", "sphinx_rtd_theme", "wheel"]
docs = ["Sphinx (>=1.2.2)", "sphinx_rtd_theme"]
packaging = ["wheel"]
test = ["coverage (>=3.7.1)", "flake8 (>=2.2.0)", "mock (>=1.0.1)", "mysqlclient (>=1.3.3)", "psycopg2 (>=2.6)"]

[package.source]
type = "git"
url = "https://github.com/winny-/django-lazysignup.git"
reference = "ec753db87e21df4b4489c0ef31a86595b9277605"
resolved_reference = "ec753db87e21df4b4489c0ef31a86595b9277605"

[[package]]
name = "django-livereload-server"
version = "0.3.3"
description = "LiveReload functionality integrated with your Django development environment"
category = "main"
optional = false
python-versions = "*"

[package.dependencies]
beautifulsoup4 = ">=4.3.2"
django = ">=1.8"
six = "*"
tornado = "*"

[[package]]
name = "django-watchman"
version = "1.3.0"
description = "django-watchman exposes a status endpoint for your backing services"
category = "main"
optional = false
python-versions = "*"

[package.dependencies]
django = ">=2.0"

[[package]]
name = "djangorestframework"
version = "3.14.0"
description = "Web APIs for Django, made easy."
category = "main"
optional = false
python-versions = ">=3.6"

[package.dependencies]
django = ">=3.0"
pytz = "*"

[[package]]
name = "gunicorn"
version = "20.1.0"
description = "WSGI HTTP Server for UNIX"
category = "main"
optional = false
python-versions = ">=3.5"

[package.dependencies]
setuptools = ">=3.0"

[package.extras]
eventlet = ["eventlet (>=0.24.1)"]
gevent = ["gevent (>=1.4.0)"]
setproctitle = ["setproctitle"]
tornado = ["tornado (>=0.2)"]

[[package]]
name = "markdown"
version = "3.4.3"
description = "Python implementation of John Gruber's Markdown."
category = "main"
optional = false
python-versions = ">=3.7"

[package.extras]
testing = ["coverage", "pyyaml"]

[[package]]
name = "org-python"
version = "0.3.2"
description = "convert orgmode to html based on python."
category = "main"
optional = false
python-versions = "*"

[[package]]
name = "psycopg2"
version = "2.9.6"
description = "psycopg2 - Python-PostgreSQL Database Adapter"
category = "main"
optional = false
python-versions = ">=3.6"

[[package]]
name = "pygments"
version = "2.15.1"
description = "Pygments is a syntax highlighting package written in Python."
category = "main"
optional = false
python-versions = ">=3.7"

[package.extras]
plugins = ["importlib-metadata"]

[[package]]
name = "python-dotenv"
version = "0.19.2"
description = "Read key-value pairs from a .env file and set them as environment variables"
category = "main"
optional = false
python-versions = ">=3.5"

[package.extras]
cli = ["click (>=5.0)"]

[[package]]
name = "pytz"
version = "2023.3"
description = "World timezone definitions, modern and historical"
category = "main"
optional = false
python-versions = "*"

[[package]]
name = "setuptools"
version = "67.7.2"
description = "Easily download, build, install, upgrade, and uninstall Python packages"
category = "main"
optional = false
python-versions = ">=3.7"

[package.extras]
docs = ["furo", "jaraco.packaging (>=9)", "jaraco.tidelift (>=1.4)", "pygments-github-lexers (==0.0.5)", "rst.linker (>=1.9)", "sphinx (>=3.5)", "sphinx-favicon", "sphinx-hoverxref (<2)", "sphinx-inline-tabs", "sphinx-lint", "sphinx-notfound-page (==0.8.3)", "sphinx-reredirects", "sphinxcontrib-towncrier"]
testing = ["build[virtualenv]", "filelock (>=3.4.0)", "flake8 (<5)", "flake8-2020", "ini2toml[lite] (>=0.9)", "jaraco.envs (>=2.2)", "jaraco.path (>=3.2.0)", "pip (>=19.1)", "pip-run (>=8.8)", "pytest (>=6)", "pytest-black (>=0.3.7)", "pytest-checkdocs (>=2.4)", "pytest-cov", "pytest-enabler (>=1.3)", "pytest-flake8", "pytest-mypy (>=0.9.1)", "pytest-perf", "pytest-timeout", "pytest-xdist", "tomli-w (>=1.0.0)", "virtualenv (>=13.0.0)", "wheel"]
testing-integration = ["build[virtualenv]", "filelock (>=3.4.0)", "jaraco.envs (>=2.2)", "jaraco.path (>=3.2.0)", "pytest", "pytest-enabler", "pytest-xdist", "tomli", "virtualenv (>=13.0.0)", "wheel"]

[[package]]
name = "six"
version = "1.16.0"
description = "Python 2 and 3 compatibility utilities"
category = "main"
optional = false
python-versions = ">=2.7, !=3.0.*, !=3.1.*, !=3.2.*"

[[package]]
name = "soupsieve"
version = "2.4.1"
description = "A modern CSS selector implementation for Beautiful Soup."
category = "main"
optional = false
python-versions = ">=3.7"

[[package]]
name = "sqlparse"
version = "0.4.4"
description = "A non-validating SQL parser."
category = "main"
optional = false
python-versions = ">=3.5"

[package.extras]
dev = ["build", "flake8"]
doc = ["sphinx"]
test = ["pytest", "pytest-cov"]

[[package]]
name = "tornado"
version = "6.3.2"
description = "Tornado is a Python web framework and asynchronous networking library, originally developed at FriendFeed."
category = "main"
optional = false
python-versions = ">= 3.8"

[[package]]
name = "typing-extensions"
version = "4.5.0"
description = "Backported and Experimental Type Hints for Python 3.7+"
category = "main"
optional = false
python-versions = ">=3.7"

[[package]]
name = "tzdata"
version = "2023.3"
description = "Provider of IANA time zone data"
category = "main"
optional = false
python-versions = ">=2"

[[package]]
name = "whitenoise"
version = "6.4.0"
description = "Radically simplified static file serving for WSGI applications"
category = "main"
optional = false
python-versions = ">=3.7"

[package.extras]
brotli = ["Brotli"]

[metadata]
lock-version = "1.1"
python-versions = "^3.10"
content-hash = "3f720140d3282a9bc6b154e1bd39e15640578ab6a70cbaba043ef1c435d87840"

[metadata.files]
asgiref = [
    {file = "asgiref-3.6.0-py3-none-any.whl", hash = "sha256:71e68008da809b957b7ee4b43dbccff33d1b23519fb8344e33f049897077afac"},
    {file = "asgiref-3.6.0.tar.gz", hash = "sha256:9567dfe7bd8d3c8c892227827c41cce860b368104c3431da67a0c5a65a949506"},
]
beautifulsoup4 = [
    {file = "beautifulsoup4-4.12.2-py3-none-any.whl", hash = "sha256:bd2520ca0d9d7d12694a53d44ac482d181b4ec1888909b035a3dbf40d0f57d4a"},
    {file = "beautifulsoup4-4.12.2.tar.gz", hash = "sha256:492bbc69dca35d12daac71c4db1bfff0c876c00ef4a2ffacce226d4638eb72da"},
]
dj-database-url = [
    {file = "dj-database-url-2.0.0.tar.gz", hash = "sha256:a35a9f0f43775ca6f90d819dc456233ef7bcc76b47377d5d908b75c7eb320624"},
    {file = "dj_database_url-2.0.0-py3-none-any.whl", hash = "sha256:9c9e5f7224f62635a787e9cc3c6762c9be2b19541a21e3c08fa573bd01609b4b"},
]
django = [
    {file = "Django-4.2.1-py3-none-any.whl", hash = "sha256:066b6debb5ac335458d2a713ed995570536c8b59a580005acb0732378d5eb1ee"},
    {file = "Django-4.2.1.tar.gz", hash = "sha256:7efa6b1f781a6119a10ac94b4794ded90db8accbe7802281cd26f8664ffed59c"},
]
django-canonical-domain = [
    {file = "django_canonical_domain-0.9.2-py3-none-any.whl", hash = "sha256:8c5dd4ff27f8140bdbea61d01324c3cf308cc5c306173cdf6067f47239e77492"},
    {file = "django_canonical_domain-0.9.2.tar.gz", hash = "sha256:c377ea325e35abda4b0c7014a590301acfb0be1030757ec5e8690ce9b90cc29c"},
]
django-filter = [
    {file = "django-filter-23.2.tar.gz", hash = "sha256:2fe15f78108475eda525692813205fa6f9e8c1caf1ae65daa5862d403c6dbf00"},
    {file = "django_filter-23.2-py3-none-any.whl", hash = "sha256:d12d8e0fc6d3eb26641e553e5d53b191eb8cec611427d4bdce0becb1f7c172b5"},
]
django-lazysignup = []
django-livereload-server = [
    {file = "django-livereload-server-0.3.3.tar.gz", hash = "sha256:e19485da23cd762e60f7acd5591900723dad833c4a01f3b91d671ba583ff6d2f"},
    {file = "django_livereload_server-0.3.3-py2.py3-none-any.whl", hash = "sha256:42961648b50dcb68fcd0a44317486330bab3adff121047da4b417a722e3f48a9"},
]
django-watchman = [
    {file = "django-watchman-1.3.0.tar.gz", hash = "sha256:33b5fc734d689b83cb96fc17beda624ae2955f4cede0856897d990c363eac962"},
    {file = "django_watchman-1.3.0-py2.py3-none-any.whl", hash = "sha256:5f04300bd7fbdd63b8a883b2730ed1e4d9b0f9991133b33a1281134b81f466eb"},
]
djangorestframework = [
    {file = "djangorestframework-3.14.0-py3-none-any.whl", hash = "sha256:eb63f58c9f218e1a7d064d17a70751f528ed4e1d35547fdade9aaf4cd103fd08"},
    {file = "djangorestframework-3.14.0.tar.gz", hash = "sha256:579a333e6256b09489cbe0a067e66abe55c6595d8926be6b99423786334350c8"},
]
gunicorn = [
    {file = "gunicorn-20.1.0-py3-none-any.whl", hash = "sha256:9dcc4547dbb1cb284accfb15ab5667a0e5d1881cc443e0677b4882a4067a807e"},
    {file = "gunicorn-20.1.0.tar.gz", hash = "sha256:e0a968b5ba15f8a328fdfd7ab1fcb5af4470c28aaf7e55df02a99bc13138e6e8"},
]
markdown = [
    {file = "Markdown-3.4.3-py3-none-any.whl", hash = "sha256:065fd4df22da73a625f14890dd77eb8040edcbd68794bcd35943be14490608b2"},
    {file = "Markdown-3.4.3.tar.gz", hash = "sha256:8bf101198e004dc93e84a12a7395e31aac6a9c9942848ae1d99b9d72cf9b3520"},
]
org-python = [
    {file = "org-python-0.3.2.tar.gz", hash = "sha256:e4dd6c93ecad2e8b27480c0c6abe441d4c414520c903f9110e0eb7e23449e885"},
]
psycopg2 = [
    {file = "psycopg2-2.9.6-cp310-cp310-win32.whl", hash = "sha256:f7a7a5ee78ba7dc74265ba69e010ae89dae635eea0e97b055fb641a01a31d2b1"},
    {file = "psycopg2-2.9.6-cp310-cp310-win_amd64.whl", hash = "sha256:f75001a1cbbe523e00b0ef896a5a1ada2da93ccd752b7636db5a99bc57c44494"},
    {file = "psycopg2-2.9.6-cp311-cp311-win32.whl", hash = "sha256:53f4ad0a3988f983e9b49a5d9765d663bbe84f508ed655affdb810af9d0972ad"},
    {file = "psycopg2-2.9.6-cp311-cp311-win_amd64.whl", hash = "sha256:b81fcb9ecfc584f661b71c889edeae70bae30d3ef74fa0ca388ecda50b1222b7"},
    {file = "psycopg2-2.9.6-cp36-cp36m-win32.whl", hash = "sha256:11aca705ec888e4f4cea97289a0bf0f22a067a32614f6ef64fcf7b8bfbc53744"},
    {file = "psycopg2-2.9.6-cp36-cp36m-win_amd64.whl", hash = "sha256:36c941a767341d11549c0fbdbb2bf5be2eda4caf87f65dfcd7d146828bd27f39"},
    {file = "psycopg2-2.9.6-cp37-cp37m-win32.whl", hash = "sha256:869776630c04f335d4124f120b7fb377fe44b0a7645ab3c34b4ba42516951889"},
    {file = "psycopg2-2.9.6-cp37-cp37m-win_amd64.whl", hash = "sha256:a8ad4a47f42aa6aec8d061fdae21eaed8d864d4bb0f0cade5ad32ca16fcd6258"},
    {file = "psycopg2-2.9.6-cp38-cp38-win32.whl", hash = "sha256:2362ee4d07ac85ff0ad93e22c693d0f37ff63e28f0615a16b6635a645f4b9214"},
    {file = "psycopg2-2.9.6-cp38-cp38-win_amd64.whl", hash = "sha256:d24ead3716a7d093b90b27b3d73459fe8cd90fd7065cf43b3c40966221d8c394"},
    {file = "psycopg2-2.9.6-cp39-cp39-win32.whl", hash = "sha256:1861a53a6a0fd248e42ea37c957d36950da00266378746588eab4f4b5649e95f"},
    {file = "psycopg2-2.9.6-cp39-cp39-win_amd64.whl", hash = "sha256:ded2faa2e6dfb430af7713d87ab4abbfc764d8d7fb73eafe96a24155f906ebf5"},
    {file = "psycopg2-2.9.6.tar.gz", hash = "sha256:f15158418fd826831b28585e2ab48ed8df2d0d98f502a2b4fe619e7d5ca29011"},
]
pygments = [
    {file = "Pygments-2.15.1-py3-none-any.whl", hash = "sha256:db2db3deb4b4179f399a09054b023b6a586b76499d36965813c71aa8ed7b5fd1"},
    {file = "Pygments-2.15.1.tar.gz", hash = "sha256:8ace4d3c1dd481894b2005f560ead0f9f19ee64fe983366be1a21e171d12775c"},
]
python-dotenv = [
    {file = "python-dotenv-0.19.2.tar.gz", hash = "sha256:a5de49a31e953b45ff2d2fd434bbc2670e8db5273606c1e737cc6b93eff3655f"},
    {file = "python_dotenv-0.19.2-py2.py3-none-any.whl", hash = "sha256:32b2bdc1873fd3a3c346da1c6db83d0053c3c62f28f1f38516070c4c8971b1d3"},
]
pytz = [
    {file = "pytz-2023.3-py2.py3-none-any.whl", hash = "sha256:a151b3abb88eda1d4e34a9814df37de2a80e301e68ba0fd856fb9b46bfbbbffb"},
    {file = "pytz-2023.3.tar.gz", hash = "sha256:1d8ce29db189191fb55338ee6d0387d82ab59f3d00eac103412d64e0ebd0c588"},
]
setuptools = [
    {file = "setuptools-67.7.2-py3-none-any.whl", hash = "sha256:23aaf86b85ca52ceb801d32703f12d77517b2556af839621c641fca11287952b"},
    {file = "setuptools-67.7.2.tar.gz", hash = "sha256:f104fa03692a2602fa0fec6c6a9e63b6c8a968de13e17c026957dd1f53d80990"},
]
six = [
    {file = "six-1.16.0-py2.py3-none-any.whl", hash = "sha256:8abb2f1d86890a2dfb989f9a77cfcfd3e47c2a354b01111771326f8aa26e0254"},
    {file = "six-1.16.0.tar.gz", hash = "sha256:1e61c37477a1626458e36f7b1d82aa5c9b094fa4802892072e49de9c60c4c926"},
]
soupsieve = [
    {file = "soupsieve-2.4.1-py3-none-any.whl", hash = "sha256:1c1bfee6819544a3447586c889157365a27e10d88cde3ad3da0cf0ddf646feb8"},
    {file = "soupsieve-2.4.1.tar.gz", hash = "sha256:89d12b2d5dfcd2c9e8c22326da9d9aa9cb3dfab0a83a024f05704076ee8d35ea"},
]
sqlparse = [
    {file = "sqlparse-0.4.4-py3-none-any.whl", hash = "sha256:5430a4fe2ac7d0f93e66f1efc6e1338a41884b7ddf2a350cedd20ccc4d9d28f3"},
    {file = "sqlparse-0.4.4.tar.gz", hash = "sha256:d446183e84b8349fa3061f0fe7f06ca94ba65b426946ffebe6e3e8295332420c"},
]
tornado = [
    {file = "tornado-6.3.2-cp38-abi3-macosx_10_9_universal2.whl", hash = "sha256:c367ab6c0393d71171123ca5515c61ff62fe09024fa6bf299cd1339dc9456829"},
    {file = "tornado-6.3.2-cp38-abi3-macosx_10_9_x86_64.whl", hash = "sha256:b46a6ab20f5c7c1cb949c72c1994a4585d2eaa0be4853f50a03b5031e964fc7c"},
    {file = "tornado-6.3.2-cp38-abi3-manylinux_2_17_aarch64.manylinux2014_aarch64.whl", hash = "sha256:c2de14066c4a38b4ecbbcd55c5cc4b5340eb04f1c5e81da7451ef555859c833f"},
    {file = "tornado-6.3.2-cp38-abi3-manylinux_2_5_i686.manylinux1_i686.manylinux_2_17_i686.manylinux2014_i686.whl", hash = "sha256:05615096845cf50a895026f749195bf0b10b8909f9be672f50b0fe69cba368e4"},
    {file = "tornado-6.3.2-cp38-abi3-manylinux_2_5_x86_64.manylinux1_x86_64.manylinux_2_17_x86_64.manylinux2014_x86_64.whl", hash = "sha256:5b17b1cf5f8354efa3d37c6e28fdfd9c1c1e5122f2cb56dac121ac61baa47cbe"},
    {file = "tornado-6.3.2-cp38-abi3-musllinux_1_1_aarch64.whl", hash = "sha256:29e71c847a35f6e10ca3b5c2990a52ce38b233019d8e858b755ea6ce4dcdd19d"},
    {file = "tornado-6.3.2-cp38-abi3-musllinux_1_1_i686.whl", hash = "sha256:834ae7540ad3a83199a8da8f9f2d383e3c3d5130a328889e4cc991acc81e87a0"},
    {file = "tornado-6.3.2-cp38-abi3-musllinux_1_1_x86_64.whl", hash = "sha256:6a0848f1aea0d196a7c4f6772197cbe2abc4266f836b0aac76947872cd29b411"},
    {file = "tornado-6.3.2-cp38-abi3-win32.whl", hash = "sha256:7efcbcc30b7c654eb6a8c9c9da787a851c18f8ccd4a5a3a95b05c7accfa068d2"},
    {file = "tornado-6.3.2-cp38-abi3-win_amd64.whl", hash = "sha256:0c325e66c8123c606eea33084976c832aa4e766b7dff8aedd7587ea44a604cdf"},
    {file = "tornado-6.3.2.tar.gz", hash = "sha256:4b927c4f19b71e627b13f3db2324e4ae660527143f9e1f2e2fb404f3a187e2ba"},
]
typing-extensions = [
    {file = "typing_extensions-4.5.0-py3-none-any.whl", hash = "sha256:fb33085c39dd998ac16d1431ebc293a8b3eedd00fd4a32de0ff79002c19511b4"},
    {file = "typing_extensions-4.5.0.tar.gz", hash = "sha256:5cb5f4a79139d699607b3ef622a1dedafa84e115ab0024e0d9c044a9479ca7cb"},
]
tzdata = [
    {file = "tzdata-2023.3-py2.py3-none-any.whl", hash = "sha256:7e65763eef3120314099b6939b5546db7adce1e7d6f2e179e3df563c70511eda"},
    {file = "tzdata-2023.3.tar.gz", hash = "sha256:11ef1e08e54acb0d4f95bdb1be05da659673de4acbd21bf9c69e94cc5e907a3a"},
]
whitenoise = [
    {file = "whitenoise-6.4.0-py3-none-any.whl", hash = "sha256:599dc6ca57e48929dfeffb2e8e187879bfe2aed0d49ca419577005b7f2cc930b"},
    {file = "whitenoise-6.4.0.tar.gz", hash = "sha256:a02d6660ad161ff17e3042653c8e3f5ecbb2a2481a006bde125b9efb9a30113a"},
]
